
Microsoft Visual Studio Solution File, Format Version 12.00
# Visual Studio Version 16
VisualStudioVersion = 16.0.29020.237
MinimumVisualStudioVersion = 10.0.40219.1
Project("{9A19103F-16F7-4668-BE54-9A1E7A4F7556}") = "Otc.Validations", "Otc.Validations\Otc.Validations.csproj", "{DDB1B490-B9AF-4443-BA9A-E73B6B35E0C0}"
EndProject
Project("{9A19103F-16F7-4668-BE54-9A1E7A4F7556}") = "Otc.Validations.Helpers", "Otc.Validations.Helpers\Otc.Validations.Helpers.csproj", "{0AD13542-B8BB-4243-BC1A-04FE3FB2D247}"
EndProject
Project("{FAE04EC0-301F-11D3-BF4B-00C04F79EFBC}") = "Otc.Validations.Tests", "Otc.Validations.Tests\Otc.Validations.Tests.csproj", "{9F3E41A6-EB1E-4140-B616-A9D771CC1347}"
EndProject
Global
	GlobalSection(SolutionConfigurationPlatforms) = preSolution
		Debug|Any CPU = Debug|Any CPU
		Release|Any CPU = Release|Any CPU
	EndGlobalSection
	GlobalSection(ProjectConfigurationPlatforms) = postSolution
		{DDB1B490-B9AF-4443-BA9A-E73B6B35E0C0}.Debug|Any CPU.ActiveCfg = Debug|Any CPU
		{DDB1B490-B9AF-4443-BA9A-E73B6B35E0C0}.Debug|Any CPU.Build.0 = Debug|Any CPU
		{DDB1B490-B9AF-4443-BA9A-E73B6B35E0C0}.Release|Any CPU.ActiveCfg = Release|Any CPU
		{DDB1B490-B9AF-4443-BA9A-E73B6B35E0C0}.Release|Any CPU.Build.0 = Release|Any CPU
		{0AD13542-B8BB-4243-BC1A-04FE3FB2D247}.Debug|Any CPU.ActiveCfg = Debug|Any CPU
		{0AD13542-B8BB-4243-BC1A-04FE3FB2D247}.Debug|Any CPU.Build.0 = Debug|Any CPU
		{0AD13542-B8BB-4243-BC1A-04FE3FB2D247}.Release|Any CPU.ActiveCfg = Release|Any CPU
		{0AD13542-B8BB-4243-BC1A-04FE3FB2D247}.Release|Any CPU.Build.0 = Release|Any CPU
		{9F3E41A6-EB1E-4140-B616-A9D771CC1347}.Debug|Any CPU.ActiveCfg = Debug|Any CPU
		{9F3E41A6-EB1E-4140-B616-A9D771CC1347}.Debug|Any CPU.Build.0 = Debug|Any CPU
		{9F3E41A6-EB1E-4140-B616-A9D771CC1347}.Release|Any CPU.ActiveCfg = Release|Any CPU
		{9F3E41A6-EB1E-4140-B616-A9D771CC1347}.Release|Any CPU.Build.0 = Release|Any CPU
	EndGlobalSection
	GlobalSection(SolutionProperties) = preSolution
		HideSolutionNode = FALSE
	EndGlobalSection
	GlobalSection(ExtensibilityGlobals) = postSolution
		SolutionGuid = {7DC45057-A924-4F92-847D-4C405D6E086C}
	EndGlobalSection
EndGlobal
